{
  "name": "git-test",
  "lockfileVersion": 2,
  "requires": true,
  "packages": {
    "": {
      "dependencies": {
        "live-editor-client": "^0.0.652"
      }
    },
    "node_modules/live-editor-client": {
      "version": "0.0.652",
      "resolved": "https://registry.npmjs.org/live-editor-client/-/live-editor-client-0.0.652.tgz",
      "integrity": "sha512-xYsTWUDdHD8BapiG5a2b1BdpkriLLl8aEMMzpBjSrQLYHnUwIv3QTj9OF8607a8fptbgsvqR4qhscg6oWFEPwA=="
    }
  },
  "dependencies": {
    "live-editor-client": {
      "version": "0.0.652",
      "resolved": "https://registry.npmjs.org/live-editor-client/-/live-editor-client-0.0.652.tgz",
      "integrity": "sha512-xYsTWUDdHD8BapiG5a2b1BdpkriLLl8aEMMzpBjSrQLYHnUwIv3QTj9OF8607a8fptbgsvqR4qhscg6oWFEPwA=="
    }
  }
}
